// !$*UTF8*$!
{
	archiveVersion = 1;
	classes = {
	};
	objectVersion = 56;
	objects = {

/* Begin PBXBuildFile section */
		D9AA87DB2CE00D24005905B4 /* HackerMathApp.swift in Sources */ = {isa = PBXBuildFile; fileRef = D9AA87DA2CE00D24005905B4 /* HackerMathApp.swift */; };
		D9AA87DD2CE00D24005905B4 /* WelcomeView.swift in Sources */ = {isa = PBXBuildFile; fileRef = D9AA87DC2CE00D24005905B4 /* WelcomeView.swift */; };
		D9AA87DF2CE00D25005905B4 /* Assets.xcassets in Resources */ = {isa = PBXBuildFile; fileRef = D9AA87DE2CE00D25005905B4 /* Assets.xcassets */; };
		D9AA87E22CE00D25005905B4 /* Preview Assets.xcassets in Resources */ = {isa = PBXBuildFile; fileRef = D9AA87E12CE00D25005905B4 /* Preview Assets.xcassets */; };
		D9AA87EC2CE00ECA005905B4 /* GameView.swift in Sources */ = {isa = PBXBuildFile; fileRef = D9AA87EB2CE00ECA005905B4 /* GameView.swift */; };
		D9AA87EE2CE00EE6005905B4 /* EndScreenView.swift in Sources */ = {isa = PBXBuildFile; fileRef = D9AA87ED2CE00EE6005905B4 /* EndScreenView.swift */; };
		D9AA87F02CE00EFF005905B4 /* gameViewModel.swift in Sources */ = {isa = PBXBuildFile; fileRef = D9AA87EF2CE00EFF005905B4 /* gameViewModel.swift */; };
		D9AA87F22CE00F1B005905B4 /* GameModel.swift in Sources */ = {isa = PBXBuildFile; fileRef = D9AA87F12CE00F1B005905B4 /* GameModel.swift */; };
		D9AA87F72CE01A39005905B4 /* Launch Screen.storyboard in Resources */ = {isa = PBXBuildFile; fileRef = D9AA87F62CE01A39005905B4 /* Launch Screen.storyboard */; };
		D9FB08FA2CE01F2100C2B82D /* polyhedron.usdz in Resources */ = {isa = PBXBuildFile; fileRef = D9FB08F92CE01F2100C2B82D /* polyhedron.usdz */; };
/* End PBXBuildFile section */

/* Begin PBXFileReference section */
		D9AA87D72CE00D24005905B4 /* HackerMath.app */ = {isa = PBXFileReference; explicitFileType = wrapper.application; includeInIndex = 0; path = HackerMath.app; sourceTree = BUILT_PRODUCTS_DIR; };
		D9AA87DA2CE00D24005905B4 /* HackerMathApp.swift */ = {isa = PBXFileReference; lastKnownFileType = sourcecode.swift; path = HackerMathApp.swift; sourceTree = "<group>"; };
		D9AA87DC2CE00D24005905B4 /* WelcomeView.swift */ = {isa = PBXFileReference; lastKnownFileType = sourcecode.swift; path = WelcomeView.swift; sourceTree = "<group>"; };
		D9AA87DE2CE00D25005905B4 /* Assets.xcassets */ = {isa = PBXFileReference; lastKnownFileType = folder.assetcatalog; path = Assets.xcassets; sourceTree = "<group>"; };
		D9AA87E12CE00D25005905B4 /* Preview Assets.xcassets */ = {isa = PBXFileReference; lastKnownFileType = folder.assetcatalog; path = "Preview Assets.xcassets"; sourceTree = "<group>"; };
		D9AA87EB2CE00ECA005905B4 /* GameView.swift */ = {isa = PBXFileReference; lastKnownFileType = sourcecode.swift; path = GameView.swift; sourceTree = "<group>"; };
		D9AA87ED2CE00EE6005905B4 /* EndScreenView.swift */ = {isa = PBXFileReference; lastKnownFileType = sourcecode.swift; path = EndScreenView.swift; sourceTree = "<group>"; };
		D9AA87EF2CE00EFF005905B4 /* gameViewModel.swift */ = {isa = PBXFileReference; lastKnownFileType = sourcecode.swift; path = gameViewModel.swift; sourceTree = "<group>"; };
		D9AA87F12CE00F1B005905B4 /* GameModel.swift */ = {isa = PBXFileReference; lastKnownFileType = sourcecode.swift; path = GameModel.swift; sourceTree = "<group>"; };
		D9AA87F62CE01A39005905B4 /* Launch Screen.storyboard */ = {isa = PBXFileReference; lastKnownFileType = file.storyboard; path = "Launch Screen.storyboard"; sourceTree = "<group>"; };
		D9FB08F92CE01F2100C2B82D /* polyhedron.usdz */ = {isa = PBXFileReference; lastKnownFileType = file.usdz; name = polyhedron.usdz; path = ../../polyhedron.usdz; sourceTree = "<group>"; };
/* End PBXFileReference section */

/* Begin PBXFrameworksBuildPhase section */
		D9AA87D42CE00D24005905B4 /* Frameworks */ = {
			isa = PBXFrameworksBuildPhase;
			buildActionMask = 2147483647;
			files = (
			);
			runOnlyForDeploymentPostprocessing = 0;
		};
/* End PBXFrameworksBuildPhase section */

/* Begin PBXGroup section */
		D9AA87CE2CE00D24005905B4 = {
			isa = PBXGroup;
			children = (
				D9AA87D92CE00D24005905B4 /* HackerMath */,
				D9AA87D82CE00D24005905B4 /* Products */,
			);
			sourceTree = "<group>";
		};
		D9AA87D82CE00D24005905B4 /* Products */ = {
			isa = PBXGroup;
			children = (
				D9AA87D72CE00D24005905B4 /* HackerMath.app */,
			);
			name = Products;
			sourceTree = "<group>";
		};
		D9AA87D92CE00D24005905B4 /* HackerMath */ = {
			isa = PBXGroup;
			children = (
				D9AA87DA2CE00D24005905B4 /* HackerMathApp.swift */,
				D9AA87E82CE00E84005905B4 /* Views */,
				D9AA87EA2CE00E94005905B4 /* Models */,
				D9AA87E92CE00E8E005905B4 /* ViewModels */,
				D9AA87DE2CE00D25005905B4 /* Assets.xcassets */,
				D9FB08F92CE01F2100C2B82D /* polyhedron.usdz */,
				D9AA87E02CE00D25005905B4 /* Preview Content */,
				D9AA87F62CE01A39005905B4 /* Launch Screen.storyboard */,
			);
			path = HackerMath;
			sourceTree = "<group>";
		};
		D9AA87E02CE00D25005905B4 /* Preview Content */ = {
			isa = PBXGroup;
			children = (
				D9AA87E12CE00D25005905B4 /* Preview Assets.xcassets */,
			);
			path = "Preview Content";
			sourceTree = "<group>";
		};
		D9AA87E82CE00E84005905B4 /* Views */ = {
			isa = PBXGroup;
			children = (
				D9AA87DC2CE00D24005905B4 /* WelcomeView.swift */,
				D9AA87EB2CE00ECA005905B4 /* GameView.swift */,
				D9AA87ED2CE00EE6005905B4 /* EndScreenView.swift */,
			);
			path = Views;
			sourceTree = "<group>";
		};
		D9AA87E92CE00E8E005905B4 /* ViewModels */ = {
			isa = PBXGroup;
			children = (
				D9AA87EF2CE00EFF005905B4 /* gameViewModel.swift */,
			);
			path = ViewModels;
			sourceTree = "<group>";
		};
		D9AA87EA2CE00E94005905B4 /* Models */ = {
			isa = PBXGroup;
			children = (
				D9AA87F12CE00F1B005905B4 /* GameModel.swift */,
			);
			path = Models;
			sourceTree = "<group>";
		};
/* End PBXGroup section */

/* Begin PBXNativeTarget section */
		D9AA87D62CE00D24005905B4 /* HackerMath */ = {
			isa = PBXNativeTarget;
			buildConfigurationList = D9AA87E52CE00D25005905B4 /* Build configuration list for PBXNativeTarget "HackerMath" */;
			buildPhases = (
				D9AA87D32CE00D24005905B4 /* Sources */,
				D9AA87D42CE00D24005905B4 /* Frameworks */,
				D9AA87D52CE00D24005905B4 /* Resources */,
			);
			buildRules = (
			);
			dependencies = (
			);
			name = HackerMath;
			productName = HackerMath;
			productReference = D9AA87D72CE00D24005905B4 /* HackerMath.app */;
			productType = "com.apple.product-type.application";
		};
/* End PBXNativeTarget section */

/* Begin PBXProject section */
		D9AA87CF2CE00D24005905B4 /* Project object */ = {
			isa = PBXProject;
			attributes = {
				BuildIndependentTargetsInParallel = 1;
				LastSwiftUpdateCheck = 1540;
				LastUpgradeCheck = 1540;
				TargetAttributes = {
					D9AA87D62CE00D24005905B4 = {
						CreatedOnToolsVersion = 15.4;
					};
				};
			};
			buildConfigurationList = D9AA87D22CE00D24005905B4 /* Build configuration list for PBXProject "HackerMath" */;
			compatibilityVersion = "Xcode 14.0";
			developmentRegion = en;
			hasScannedForEncodings = 0;
			knownRegions = (
				en,
				Base,
			);
			mainGroup = D9AA87CE2CE00D24005905B4;
			productRefGroup = D9AA87D82CE00D24005905B4 /* Products */;
			projectDirPath = "";
			projectRoot = "";
			targets = (
				D9AA87D62CE00D24005905B4 /* HackerMath */,
			);
		};
/* End PBXProject section */

/* Begin PBXResourcesBuildPhase section */
		D9AA87D52CE00D24005905B4 /* Resources */ = {
			isa = PBXResourcesBuildPhase;
			buildActionMask = 2147483647;
			files = (
				D9AA87F72CE01A39005905B4 /* Launch Screen.storyboard in Resources */,
				D9AA87E22CE00D25005905B4 /* Preview Assets.xcassets in Resources */,
				D9AA87DF2CE00D25005905B4 /* Assets.xcassets in Resources */,
				D9FB08FA2CE01F2100C2B82D /* polyhedron.usdz in Resources */,
			);
			runOnlyForDeploymentPostprocessing = 0;
		};
/* End PBXResourcesBuildPhase section */

/* Begin PBXSourcesBuildPhase section */
		D9AA87D32CE00D24005905B4 /* Sources */ = {
			isa = PBXSourcesBuildPhase;
			buildActionMask = 2147483647;
			files = (
				D9AA87EE2CE00EE6005905B4 /* EndScreenView.swift in Sources */,
				D9AA87DD2CE00D24005905B4 /* WelcomeView.swift in Sources */,
				D9AA87EC2CE00ECA005905B4 /* GameView.swift in Sources */,
				D9AA87DB2CE00D24005905B4 /* HackerMathApp.swift in Sources */,
				D9AA87F02CE00EFF005905B4 /* gameViewModel.swift in Sources */,
				D9AA87F22CE00F1B005905B4 /* GameModel.swift in Sources */,
			);
			runOnlyForDeploymentPostprocessing = 0;
		};
/* End PBXSourcesBuildPhase section */

/* Begin XCBuildConfiguration section */
		D9AA87E32CE00D25005905B4 /* Debug */ = {
			isa = XCBuildConfiguration;
			buildSettings = {
				ALWAYS_SEARCH_USER_PATHS = NO;
				ASSETCATALOG_COMPILER_GENERATE_SWIFT_ASSET_SYMBOL_EXTENSIONS = YES;
				CLANG_ANALYZER_NONNULL = YES;
				CLANG_ANALYZER_NUMBER_OBJECT_CONVERSION = YES_AGGRESSIVE;
				CLANG_CXX_LANGUAGE_STANDARD = "gnu++20";
				CLANG_ENABLE_MODULES = YES;
				CLANG_ENABLE_OBJC_ARC = YES;
				CLANG_ENABLE_OBJC_WEAK = YES;
				CLANG_WARN_BLOCK_CAPTURE_AUTORELEASING = YES;
				CLANG_WARN_BOOL_CONVERSION = YES;
				CLANG_WARN_COMMA = YES;
				CLANG_WARN_CONSTANT_CONVERSION = YES;
				CLANG_WARN_DEPRECATED_OBJC_IMPLEMENTATIONS = YES;
				CLANG_WARN_DIRECT_OBJC_ISA_USAGE = YES_ERROR;
				CLANG_WARN_DOCUMENTATION_COMMENTS = YES;
				CLANG_WARN_EMPTY_BODY = YES;
				CLANG_WARN_ENUM_CONVERSION = YES;
				CLANG_WARN_INFINITE_RECURSION = YES;
				CLANG_WARN_INT_CONVERSION = YES;
				CLANG_WARN_NON_LITERAL_NULL_CONVERSION = YES;
				CLANG_WARN_OBJC_IMPLICIT_RETAIN_SELF = YES;
				CLANG_WARN_OBJC_LITERAL_CONVERSION = YES;
				CLANG_WARN_OBJC_ROOT_CLASS = YES_ERROR;
				CLANG_WARN_QUOTED_INCLUDE_IN_FRAMEWORK_HEADER = YES;
				CLANG_WARN_RANGE_LOOP_ANALYSIS = YES;
				CLANG_WARN_STRICT_PROTOTYPES = YES;
				CLANG_WARN_SUSPICIOUS_MOVE = YES;
				CLANG_WARN_UNGUARDED_AVAILABILITY = YES_AGGRESSIVE;
				CLANG_WARN_UNREACHABLE_CODE = YES;
				CLANG_WARN__DUPLICATE_METHOD_MATCH = YES;
				COPY_PHASE_STRIP = NO;
				DEBUG_INFORMATION_FORMAT = dwarf;
				ENABLE_STRICT_OBJC_MSGSEND = YES;
				ENABLE_TESTABILITY = YES;
				ENABLE_USER_SCRIPT_SANDBOXING = YES;
				GCC_C_LANGUAGE_STANDARD = gnu17;
				GCC_DYNAMIC_NO_PIC = NO;
				GCC_NO_COMMON_BLOCKS = YES;
				GCC_OPTIMIZATION_LEVEL = 0;
				GCC_PREPROCESSOR_DEFINITIONS = (
					"DEBUG=1",
					"$(inherited)",
				);
				GCC_WARN_64_TO_32_BIT_CONVERSION = YES;
				GCC_WARN_ABOUT_RETURN_TYPE = YES_ERROR;
				GCC_WARN_UNDECLARED_SELECTOR = YES;
				GCC_WARN_UNINITIALIZED_AUTOS = YES_AGGRESSIVE;
				GCC_WARN_UNUSED_FUNCTION = YES;
				GCC_WARN_UNUSED_VARIABLE = YES;
				IPHONEOS_DEPLOYMENT_TARGET = 17.5;
				LOCALIZATION_PREFERS_STRING_CATALOGS = YES;
				MTL_ENABLE_DEBUG_INFO = INCLUDE_SOURCE;
				MTL_FAST_MATH = YES;
				ONLY_ACTIVE_ARCH = YES;
				SDKROOT = iphoneos;
				SWIFT_ACTIVE_COMPILATION_CONDITIONS = "DEBUG $(inherited)";
				SWIFT_OPTIMIZATION_LEVEL = "-Onone";
			};
			name = Debug;
		};
		D9AA87E42CE00D25005905B4 /* Release */ = {
			isa = XCBuildConfiguration;
			buildSettings = {
				ALWAYS_SEARCH_USER_PATHS = NO;
				ASSETCATALOG_COMPILER_GENERATE_SWIFT_ASSET_SYMBOL_EXTENSIONS = YES;
				CLANG_ANALYZER_NONNULL = YES;
				CLANG_ANALYZER_NUMBER_OBJECT_CONVERSION = YES_AGGRESSIVE;
				CLANG_CXX_LANGUAGE_STANDARD = "gnu++20";
				CLANG_ENABLE_MODULES = YES;
				CLANG_ENABLE_OBJC_ARC = YES;
				CLANG_ENABLE_OBJC_WEAK = YES;
				CLANG_WARN_BLOCK_CAPTURE_AUTORELEASING = YES;
				CLANG_WARN_BOOL_CONVERSION = YES;
				CLANG_WARN_COMMA = YES;
				CLANG_WARN_CONSTANT_CONVERSION = YES;
				CLANG_WARN_DEPRECATED_OBJC_IMPLEMENTATIONS = YES;
				CLANG_WARN_DIRECT_OBJC_ISA_USAGE = YES_ERROR;
				CLANG_WARN_DOCUMENTATION_COMMENTS = YES;
				CLANG_WARN_EMPTY_BODY = YES;
				CLANG_WARN_ENUM_CONVERSION = YES;
				CLANG_WARN_INFINITE_RECURSION = YES;
				CLANG_WARN_INT_CONVERSION = YES;
				CLANG_WARN_NON_LITERAL_NULL_CONVERSION = YES;
				CLANG_WARN_OBJC_IMPLICIT_RETAIN_SELF = YES;
				CLANG_WARN_OBJC_LITERAL_CONVERSION = YES;
				CLANG_WARN_OBJC_ROOT_CLASS = YES_ERROR;
				CLANG_WARN_QUOTED_INCLUDE_IN_FRAMEWORK_HEADER = YES;
				CLANG_WARN_RANGE_LOOP_ANALYSIS = YES;
				CLANG_WARN_STRICT_PROTOTYPES = YES;
				CLANG_WARN_SUSPICIOUS_MOVE = YES;
				CLANG_WARN_UNGUARDED_AVAILABILITY = YES_AGGRESSIVE;
				CLANG_WARN_UNREACHABLE_CODE = YES;
				CLANG_WARN__DUPLICATE_METHOD_MATCH = YES;
				COPY_PHASE_STRIP = NO;
				DEBUG_INFORMATION_FORMAT = "dwarf-with-dsym";
				ENABLE_NS_ASSERTIONS = NO;
				ENABLE_STRICT_OBJC_MSGSEND = YES;
				ENABLE_USER_SCRIPT_SANDBOXING = YES;
				GCC_C_LANGUAGE_STANDARD = gnu17;
				GCC_NO_COMMON_BLOCKS = YES;
				GCC_WARN_64_TO_32_BIT_CONVERSION = YES;
				GCC_WARN_ABOUT_RETURN_TYPE = YES_ERROR;
				GCC_WARN_UNDECLARED_SELECTOR = YES;
				GCC_WARN_UNINITIALIZED_AUTOS = YES_AGGRESSIVE;
				GCC_WARN_UNUSED_FUNCTION = YES;
				GCC_WARN_UNUSED_VARIABLE = YES;
				IPHONEOS_DEPLOYMENT_TARGET = 17.5;
				LOCALIZATION_PREFERS_STRING_CATALOGS = YES;
				MTL_ENABLE_DEBUG_INFO = NO;
				MTL_FAST_MATH = YES;
				SDKROOT = iphoneos;
				SWIFT_COMPILATION_MODE = wholemodule;
				VALIDATE_PRODUCT = YES;
			};
			name = Release;
		};
		D9AA87E62CE00D25005905B4 /* Debug */ = {
			isa = XCBuildConfiguration;
			buildSettings = {
				ASSETCATALOG_COMPILER_APPICON_NAME = AppIcon;
				ASSETCATALOG_COMPILER_GLOBAL_ACCENT_COLOR_NAME = AccentColor;
				CODE_SIGN_STYLE = Automatic;
				CURRENT_PROJECT_VERSION = 1;
				DEVELOPMENT_ASSET_PATHS = "\"HackerMath/Preview Content\"";
				DEVELOPMENT_TEAM = 8SRULR2ZND;
				ENABLE_PREVIEWS = YES;
				GENERATE_INFOPLIST_FILE = YES;
				INFOPLIST_KEY_UIApplicationSceneManifest_Generation = YES;
				INFOPLIST_KEY_UIApplicationSupportsIndirectInputEvents = YES;
				INFOPLIST_KEY_UILaunchScreen_Generation = YES;
				INFOPLIST_KEY_UILaunchStoryboardName = "Launch Screen.storyboard";
				INFOPLIST_KEY_UISupportedInterfaceOrientations_iPad = "UIInterfaceOrientationPortrait UIInterfaceOrientationPortraitUpsideDown UIInterfaceOrientationLandscapeLeft UIInterfaceOrientationLandscapeRight";
				INFOPLIST_KEY_UISupportedInterfaceOrientations_iPhone = "UIInterfaceOrientationPortrait UIInterfaceOrientationLandscapeLeft UIInterfaceOrientationLandscapeRight";
				LD_RUNPATH_SEARCH_PATHS = (
					"$(inherited)",
					"@executable_path/Frameworks",
				);
				MARKETING_VERSION = 1.0;
				PRODUCT_BUNDLE_IDENTIFIER = com.TaylorTran.HackerMath;
				PRODUCT_NAME = "$(TARGET_NAME)";
				SWIFT_EMIT_LOC_STRINGS = YES;
				SWIFT_VERSION = 5.0;
				TARGETED_DEVICE_FAMILY = "1,2";
			};
			name = Debug;
		};
		D9AA87E72CE00D25005905B4 /* Release */ = {
			isa = XCBuildConfiguration;
			buildSettings = {
				ASSETCATALOG_COMPILER_APPICON_NAME = AppIcon;
				ASSETCATALOG_COMPILER_GLOBAL_ACCENT_COLOR_NAME = AccentColor;
				CODE_SIGN_STYLE = Automatic;
				CURRENT_PROJECT_VERSION = 1;
				DEVELOPMENT_ASSET_PATHS = "\"HackerMath/Preview Content\"";
				DEVELOPMENT_TEAM = 8SRULR2ZND;
				ENABLE_PREVIEWS = YES;
				GENERATE_INFOPLIST_FILE = YES;
				INFOPLIST_KEY_UIApplicationSceneManifest_Generation = YES;
				INFOPLIST_KEY_UIApplicationSupportsIndirectInputEvents = YES;
				INFOPLIST_KEY_UILaunchScreen_Generation = YES;
				INFOPLIST_KEY_UILaunchStoryboardName = "Launch Screen.storyboard";
				INFOPLIST_KEY_UISupportedInterfaceOrientations_iPad = "UIInterfaceOrientationPortrait UIInterfaceOrientationPortraitUpsideDown UIInterfaceOrientationLandscapeLeft UIInterfaceOrientationLandscapeRight";
				INFOPLIST_KEY_UISupportedInterfaceOrientations_iPhone = "UIInterfaceOrientationPortrait UIInterfaceOrientationLandscapeLeft UIInterfaceOrientationLandscapeRight";
				LD_RUNPATH_SEARCH_PATHS = (
					"$(inherited)",
					"@executable_path/Frameworks",
				);
				MARKETING_VERSION = 1.0;
				PRODUCT_BUNDLE_IDENTIFIER = com.TaylorTran.HackerMath;
				PRODUCT_NAME = "$(TARGET_NAME)";
				SWIFT_EMIT_LOC_STRINGS = YES;
				SWIFT_VERSION = 5.0;
				TARGETED_DEVICE_FAMILY = "1,2";
			};
			name = Release;
		};
/* End XCBuildConfiguration section */

/* Begin XCConfigurationList section */
		D9AA87D22CE00D24005905B4 /* Build configuration list for PBXProject "HackerMath" */ = {
			isa = XCConfigurationList;
			buildConfigurations = (
				D9AA87E32CE00D25005905B4 /* Debug */,
				D9AA87E42CE00D25005905B4 /* Release */,
			);
			defaultConfigurationIsVisible = 0;
			defaultConfigurationName = Release;
		};
		D9AA87E52CE00D25005905B4 /* Build configuration list for PBXNativeTarget "HackerMath" */ = {
			isa = XCConfigurationList;
			buildConfigurations = (
				D9AA87E62CE00D25005905B4 /* Debug */,
				D9AA87E72CE00D25005905B4 /* Release */,
			);
			defaultConfigurationIsVisible = 0;
			defaultConfigurationName = Release;
		};
/* End XCConfigurationList section */
	};
	rootObject = D9AA87CF2CE00D24005905B4 /* Project object */;
}
